
Microsoft Visual Studio Solution File, Format Version 12.00
# Visual Studio Version 16
VisualStudioVersion = 16.0.31515.178
MinimumVisualStudioVersion = 10.0.40219.1
Project("{9A19103F-16F7-4668-BE54-9A1E7A4F7556}") = "Strategy", "Strategy\Strategy.csproj", "{C18B5AAE-1856-4BED-AEB5-E363502C24EE}"
EndProject
Project("{9A19103F-16F7-4668-BE54-9A1E7A4F7556}") = "ChainOfResponsability", "ChainOfResponsability\ChainOfResponsability.csproj", "{BCD847D4-57E9-4DC9-97C9-C7F35242C09F}"
EndProject
Project("{9A19103F-16F7-4668-BE54-9A1E7A4F7556}") = "TemplateMethod", "TemplateMethod\TemplateMethod.csproj", "{B6841722-E9F2-466D-B572-D27F59CE52DD}"
EndProject
Project("{9A19103F-16F7-4668-BE54-9A1E7A4F7556}") = "Decorator", "Decorator\Decorator.csproj", "{AA4ADC6A-C245-4A69-836A-4E9C4AE78952}"
EndProject
Project("{FAE04EC0-301F-11D3-BF4B-00C04F79EFBC}") = "State", "State\State.csproj", "{AFE91320-FD32-40CF-A867-8F7DCBC87D57}"
EndProject
Project("{FAE04EC0-301F-11D3-BF4B-00C04F79EFBC}") = "Builder", "Builder\Builder.csproj", "{56158028-3611-4F2E-A303-29C415BB9FD9}"
EndProject
Global
	GlobalSection(SolutionConfigurationPlatforms) = preSolution
		Debug|Any CPU = Debug|Any CPU
		Release|Any CPU = Release|Any CPU
	EndGlobalSection
	GlobalSection(ProjectConfigurationPlatforms) = postSolution
		{C18B5AAE-1856-4BED-AEB5-E363502C24EE}.Debug|Any CPU.ActiveCfg = Debug|Any CPU
		{C18B5AAE-1856-4BED-AEB5-E363502C24EE}.Debug|Any CPU.Build.0 = Debug|Any CPU
		{C18B5AAE-1856-4BED-AEB5-E363502C24EE}.Release|Any CPU.ActiveCfg = Release|Any CPU
		{C18B5AAE-1856-4BED-AEB5-E363502C24EE}.Release|Any CPU.Build.0 = Release|Any CPU
		{BCD847D4-57E9-4DC9-97C9-C7F35242C09F}.Debug|Any CPU.ActiveCfg = Debug|Any CPU
		{BCD847D4-57E9-4DC9-97C9-C7F35242C09F}.Debug|Any CPU.Build.0 = Debug|Any CPU
		{BCD847D4-57E9-4DC9-97C9-C7F35242C09F}.Release|Any CPU.ActiveCfg = Release|Any CPU
		{BCD847D4-57E9-4DC9-97C9-C7F35242C09F}.Release|Any CPU.Build.0 = Release|Any CPU
		{B6841722-E9F2-466D-B572-D27F59CE52DD}.Debug|Any CPU.ActiveCfg = Debug|Any CPU
		{B6841722-E9F2-466D-B572-D27F59CE52DD}.Debug|Any CPU.Build.0 = Debug|Any CPU
		{B6841722-E9F2-466D-B572-D27F59CE52DD}.Release|Any CPU.ActiveCfg = Release|Any CPU
		{B6841722-E9F2-466D-B572-D27F59CE52DD}.Release|Any CPU.Build.0 = Release|Any CPU
		{AA4ADC6A-C245-4A69-836A-4E9C4AE78952}.Debug|Any CPU.ActiveCfg = Debug|Any CPU
		{AA4ADC6A-C245-4A69-836A-4E9C4AE78952}.Debug|Any CPU.Build.0 = Debug|Any CPU
		{AA4ADC6A-C245-4A69-836A-4E9C4AE78952}.Release|Any CPU.ActiveCfg = Release|Any CPU
		{AA4ADC6A-C245-4A69-836A-4E9C4AE78952}.Release|Any CPU.Build.0 = Release|Any CPU
		{AFE91320-FD32-40CF-A867-8F7DCBC87D57}.Debug|Any CPU.ActiveCfg = Debug|Any CPU
		{AFE91320-FD32-40CF-A867-8F7DCBC87D57}.Debug|Any CPU.Build.0 = Debug|Any CPU
		{AFE91320-FD32-40CF-A867-8F7DCBC87D57}.Release|Any CPU.ActiveCfg = Release|Any CPU
		{AFE91320-FD32-40CF-A867-8F7DCBC87D57}.Release|Any CPU.Build.0 = Release|Any CPU
		{56158028-3611-4F2E-A303-29C415BB9FD9}.Debug|Any CPU.ActiveCfg = Debug|Any CPU
		{56158028-3611-4F2E-A303-29C415BB9FD9}.Debug|Any CPU.Build.0 = Debug|Any CPU
		{56158028-3611-4F2E-A303-29C415BB9FD9}.Release|Any CPU.ActiveCfg = Release|Any CPU
		{56158028-3611-4F2E-A303-29C415BB9FD9}.Release|Any CPU.Build.0 = Release|Any CPU
	EndGlobalSection
	GlobalSection(SolutionProperties) = preSolution
		HideSolutionNode = FALSE
	EndGlobalSection
	GlobalSection(ExtensibilityGlobals) = postSolution
		SolutionGuid = {5B194B50-C73C-4EB0-85D7-1DDDBDC46791}
	EndGlobalSection
EndGlobal
